
Microsoft Visual Studio Solution File, Format Version 12.00
# Visual Studio Version 16
VisualStudioVersion = 16.0.30517.126
MinimumVisualStudioVersion = 10.0.40219.1
Project("{FAE04EC0-301F-11D3-BF4B-00C04F79EFBC}") = "UTMusic-TIDPP", "UTMusic-TIDPP\UTMusic-TIDPP.csproj", "{731230C4-002B-493E-9DD4-62CB12FE6EF7}"
EndProject
Project("{FAE04EC0-301F-11D3-BF4B-00C04F79EFBC}") = "UTMusic.BusinessLogic", "UTMusic.BusinessLogic\UTMusic.BusinessLogic.csproj", "{1574FAD4-2910-4290-ACC2-374666870AD8}"
EndProject
Project("{FAE04EC0-301F-11D3-BF4B-00C04F79EFBC}") = "UTMusic.DataAccess", "UTMusic.DataAccess\UTMusic.DataAccess.csproj", "{1BCF9414-C344-4D2D-84F8-E738F4FFEF42}"
EndProject
Global
	GlobalSection(SolutionConfigurationPlatforms) = preSolution
		Debug|Any CPU = Debug|Any CPU
		Release|Any CPU = Release|Any CPU
	EndGlobalSection
	GlobalSection(ProjectConfigurationPlatforms) = postSolution
		{731230C4-002B-493E-9DD4-62CB12FE6EF7}.Debug|Any CPU.ActiveCfg = Debug|Any CPU
		{731230C4-002B-493E-9DD4-62CB12FE6EF7}.Debug|Any CPU.Build.0 = Debug|Any CPU
		{731230C4-002B-493E-9DD4-62CB12FE6EF7}.Release|Any CPU.ActiveCfg = Release|Any CPU
		{731230C4-002B-493E-9DD4-62CB12FE6EF7}.Release|Any CPU.Build.0 = Release|Any CPU
		{1574FAD4-2910-4290-ACC2-374666870AD8}.Debug|Any CPU.ActiveCfg = Debug|Any CPU
		{1574FAD4-2910-4290-ACC2-374666870AD8}.Debug|Any CPU.Build.0 = Debug|Any CPU
		{1574FAD4-2910-4290-ACC2-374666870AD8}.Release|Any CPU.ActiveCfg = Release|Any CPU
		{1574FAD4-2910-4290-ACC2-374666870AD8}.Release|Any CPU.Build.0 = Release|Any CPU
		{1BCF9414-C344-4D2D-84F8-E738F4FFEF42}.Debug|Any CPU.ActiveCfg = Debug|Any CPU
		{1BCF9414-C344-4D2D-84F8-E738F4FFEF42}.Debug|Any CPU.Build.0 = Debug|Any CPU
		{1BCF9414-C344-4D2D-84F8-E738F4FFEF42}.Release|Any CPU.ActiveCfg = Release|Any CPU
		{1BCF9414-C344-4D2D-84F8-E738F4FFEF42}.Release|Any CPU.Build.0 = Release|Any CPU
	EndGlobalSection
	GlobalSection(SolutionProperties) = preSolution
		HideSolutionNode = FALSE
	EndGlobalSection
	GlobalSection(ExtensibilityGlobals) = postSolution
		SolutionGuid = {651F023A-E676-4B37-9A75-DF067D2D14E2}
	EndGlobalSection
EndGlobal
